// !$*UTF8*$!
{
	archiveVersion = 1;
	classes = {
	};
	objectVersion = 56;
	objects = {

/* Begin PBXBuildFile section */
		C16A3B992AA8C8A400C580D9 /* TikTokDigitalWalletFrontEndApp.swift in Sources */ = {isa = PBXBuildFile; fileRef = C16A3B982AA8C8A400C580D9 /* TikTokDigitalWalletFrontEndApp.swift */; };
		C16A3B9D2AA8C8A600C580D9 /* Assets.xcassets in Resources */ = {isa = PBXBuildFile; fileRef = C16A3B9C2AA8C8A600C580D9 /* Assets.xcassets */; };
		C16A3BA02AA8C8A600C580D9 /* Preview Assets.xcassets in Resources */ = {isa = PBXBuildFile; fileRef = C16A3B9F2AA8C8A600C580D9 /* Preview Assets.xcassets */; };
		C16A3BAA2AA8D38200C580D9 /* FirebaseAnalytics in Frameworks */ = {isa = PBXBuildFile; productRef = C16A3BA92AA8D38200C580D9 /* FirebaseAnalytics */; };
		C16A3BAC2AA8D38200C580D9 /* FirebaseAnalyticsSwift in Frameworks */ = {isa = PBXBuildFile; productRef = C16A3BAB2AA8D38200C580D9 /* FirebaseAnalyticsSwift */; };
		C16A3BAE2AA8D38200C580D9 /* FirebaseAuth in Frameworks */ = {isa = PBXBuildFile; productRef = C16A3BAD2AA8D38200C580D9 /* FirebaseAuth */; };
		C16A3BC52AA9C0B800C580D9 /* WalletView.swift in Sources */ = {isa = PBXBuildFile; fileRef = C16A3BC42AA9C0B800C580D9 /* WalletView.swift */; };
		C16A3BC72AA9CBDC00C580D9 /* WalletViewModel.swift in Sources */ = {isa = PBXBuildFile; fileRef = C16A3BC62AA9CBDC00C580D9 /* WalletViewModel.swift */; };
		C16A3BC92AAA052B00C580D9 /* PaymentsView.swift in Sources */ = {isa = PBXBuildFile; fileRef = C16A3BC82AAA052B00C580D9 /* PaymentsView.swift */; };
		C16A3BCB2AAA054200C580D9 /* ProfileView.swift in Sources */ = {isa = PBXBuildFile; fileRef = C16A3BCA2AAA054200C580D9 /* ProfileView.swift */; };
		C16A3BD32AAA26E100C580D9 /* PaymentsViewModel.swift in Sources */ = {isa = PBXBuildFile; fileRef = C16A3BD22AAA26E100C580D9 /* PaymentsViewModel.swift */; };
		C16A3BD52AAA3DC900C580D9 /* UserModel.swift in Sources */ = {isa = PBXBuildFile; fileRef = C16A3BD42AAA3DC900C580D9 /* UserModel.swift */; };
		C16A3BDB2AAB7A7500C580D9 /* AuthenticationView.swift in Sources */ = {isa = PBXBuildFile; fileRef = C16A3BDA2AAB7A7500C580D9 /* AuthenticationView.swift */; };
		C16A3BDF2AAB7B8700C580D9 /* ApplicationTabView.swift in Sources */ = {isa = PBXBuildFile; fileRef = C16A3BDE2AAB7B8700C580D9 /* ApplicationTabView.swift */; };
		C16A3BE22AAB7D1500C580D9 /* FirebaseFirestore in Frameworks */ = {isa = PBXBuildFile; productRef = C16A3BE12AAB7D1500C580D9 /* FirebaseFirestore */; };
		C16A3BE42AAB7D1B00C580D9 /* FirebaseFirestoreSwift in Frameworks */ = {isa = PBXBuildFile; productRef = C16A3BE32AAB7D1B00C580D9 /* FirebaseFirestoreSwift */; };
		C16A3BE82AAB99B900C580D9 /* GoogleService-Info.plist in Resources */ = {isa = PBXBuildFile; fileRef = C16A3BE72AAB99B900C580D9 /* GoogleService-Info.plist */; };
		C16A3BEA2AABA3C700C580D9 /* AuthService.swift in Sources */ = {isa = PBXBuildFile; fileRef = C16A3BE92AABA3C700C580D9 /* AuthService.swift */; };
		C16A3BEC2AABB24F00C580D9 /* MainView.swift in Sources */ = {isa = PBXBuildFile; fileRef = C16A3BEB2AABB24F00C580D9 /* MainView.swift */; };
		C16A3BEE2AAC451900C580D9 /* UsersLookupViewModel.swift in Sources */ = {isa = PBXBuildFile; fileRef = C16A3BED2AAC451900C580D9 /* UsersLookupViewModel.swift */; };
		C16A3BF02AAC48AA00C580D9 /* ProfileSearchView.swift in Sources */ = {isa = PBXBuildFile; fileRef = C16A3BEF2AAC48AA00C580D9 /* ProfileSearchView.swift */; };
		C16A3BF22AAC71B800C580D9 /* CurrencyUITextField.swift in Sources */ = {isa = PBXBuildFile; fileRef = C16A3BF12AAC71B800C580D9 /* CurrencyUITextField.swift */; };
		C16A3BFB2AACB3C300C580D9 /* AuthenticationViewModel.swift in Sources */ = {isa = PBXBuildFile; fileRef = C16A3BFA2AACB3C300C580D9 /* AuthenticationViewModel.swift */; };
		C16A3BFF2AB0963800C580D9 /* PaymentAmountInputView.swift in Sources */ = {isa = PBXBuildFile; fileRef = C16A3BFE2AB0963800C580D9 /* PaymentAmountInputView.swift */; };
/* End PBXBuildFile section */

/* Begin PBXFileReference section */
		C16A3B952AA8C8A400C580D9 /* TikTokDigitalWalletFrontEnd.app */ = {isa = PBXFileReference; explicitFileType = wrapper.application; includeInIndex = 0; path = TikTokDigitalWalletFrontEnd.app; sourceTree = BUILT_PRODUCTS_DIR; };
		C16A3B982AA8C8A400C580D9 /* TikTokDigitalWalletFrontEndApp.swift */ = {isa = PBXFileReference; lastKnownFileType = sourcecode.swift; path = TikTokDigitalWalletFrontEndApp.swift; sourceTree = "<group>"; };
		C16A3B9C2AA8C8A600C580D9 /* Assets.xcassets */ = {isa = PBXFileReference; lastKnownFileType = folder.assetcatalog; path = Assets.xcassets; sourceTree = "<group>"; };
		C16A3B9F2AA8C8A600C580D9 /* Preview Assets.xcassets */ = {isa = PBXFileReference; lastKnownFileType = folder.assetcatalog; path = "Preview Assets.xcassets"; sourceTree = "<group>"; };
		C16A3BC42AA9C0B800C580D9 /* WalletView.swift */ = {isa = PBXFileReference; lastKnownFileType = sourcecode.swift; path = WalletView.swift; sourceTree = "<group>"; };
		C16A3BC62AA9CBDC00C580D9 /* WalletViewModel.swift */ = {isa = PBXFileReference; lastKnownFileType = sourcecode.swift; path = WalletViewModel.swift; sourceTree = "<group>"; };
		C16A3BC82AAA052B00C580D9 /* PaymentsView.swift */ = {isa = PBXFileReference; lastKnownFileType = sourcecode.swift; path = PaymentsView.swift; sourceTree = "<group>"; };
		C16A3BCA2AAA054200C580D9 /* ProfileView.swift */ = {isa = PBXFileReference; lastKnownFileType = sourcecode.swift; path = ProfileView.swift; sourceTree = "<group>"; };
		C16A3BD22AAA26E100C580D9 /* PaymentsViewModel.swift */ = {isa = PBXFileReference; lastKnownFileType = sourcecode.swift; path = PaymentsViewModel.swift; sourceTree = "<group>"; };
		C16A3BD42AAA3DC900C580D9 /* UserModel.swift */ = {isa = PBXFileReference; lastKnownFileType = sourcecode.swift; path = UserModel.swift; sourceTree = "<group>"; };
		C16A3BDA2AAB7A7500C580D9 /* AuthenticationView.swift */ = {isa = PBXFileReference; lastKnownFileType = sourcecode.swift; path = AuthenticationView.swift; sourceTree = "<group>"; };
		C16A3BDE2AAB7B8700C580D9 /* ApplicationTabView.swift */ = {isa = PBXFileReference; lastKnownFileType = sourcecode.swift; path = ApplicationTabView.swift; sourceTree = "<group>"; };
		C16A3BE72AAB99B900C580D9 /* GoogleService-Info.plist */ = {isa = PBXFileReference; fileEncoding = 4; lastKnownFileType = text.plist.xml; path = "GoogleService-Info.plist"; sourceTree = "<group>"; };
		C16A3BE92AABA3C700C580D9 /* AuthService.swift */ = {isa = PBXFileReference; lastKnownFileType = sourcecode.swift; path = AuthService.swift; sourceTree = "<group>"; };
		C16A3BEB2AABB24F00C580D9 /* MainView.swift */ = {isa = PBXFileReference; lastKnownFileType = sourcecode.swift; path = MainView.swift; sourceTree = "<group>"; };
		C16A3BED2AAC451900C580D9 /* UsersLookupViewModel.swift */ = {isa = PBXFileReference; lastKnownFileType = sourcecode.swift; path = UsersLookupViewModel.swift; sourceTree = "<group>"; };
		C16A3BEF2AAC48AA00C580D9 /* ProfileSearchView.swift */ = {isa = PBXFileReference; lastKnownFileType = sourcecode.swift; path = ProfileSearchView.swift; sourceTree = "<group>"; };
		C16A3BF12AAC71B800C580D9 /* CurrencyUITextField.swift */ = {isa = PBXFileReference; lastKnownFileType = sourcecode.swift; path = CurrencyUITextField.swift; sourceTree = "<group>"; };
		C16A3BFA2AACB3C300C580D9 /* AuthenticationViewModel.swift */ = {isa = PBXFileReference; lastKnownFileType = sourcecode.swift; path = AuthenticationViewModel.swift; sourceTree = "<group>"; };
		C16A3BFE2AB0963800C580D9 /* PaymentAmountInputView.swift */ = {isa = PBXFileReference; lastKnownFileType = sourcecode.swift; path = PaymentAmountInputView.swift; sourceTree = "<group>"; };
/* End PBXFileReference section */

/* Begin PBXFrameworksBuildPhase section */
		C16A3B922AA8C8A400C580D9 /* Frameworks */ = {
			isa = PBXFrameworksBuildPhase;
			buildActionMask = 2147483647;
			files = (
				C16A3BE42AAB7D1B00C580D9 /* FirebaseFirestoreSwift in Frameworks */,
				C16A3BAC2AA8D38200C580D9 /* FirebaseAnalyticsSwift in Frameworks */,
				C16A3BE22AAB7D1500C580D9 /* FirebaseFirestore in Frameworks */,
				C16A3BAE2AA8D38200C580D9 /* FirebaseAuth in Frameworks */,
				C16A3BAA2AA8D38200C580D9 /* FirebaseAnalytics in Frameworks */,
			);
			runOnlyForDeploymentPostprocessing = 0;
		};
/* End PBXFrameworksBuildPhase section */

/* Begin PBXGroup section */
		C16A3B8C2AA8C8A400C580D9 = {
			isa = PBXGroup;
			children = (
				C16A3B972AA8C8A400C580D9 /* TikTokDigitalWalletFrontEnd */,
				C16A3B962AA8C8A400C580D9 /* Products */,
			);
			sourceTree = "<group>";
		};
		C16A3B962AA8C8A400C580D9 /* Products */ = {
			isa = PBXGroup;
			children = (
				C16A3B952AA8C8A400C580D9 /* TikTokDigitalWalletFrontEnd.app */,
			);
			name = Products;
			sourceTree = "<group>";
		};
		C16A3B972AA8C8A400C580D9 /* TikTokDigitalWalletFrontEnd */ = {
			isa = PBXGroup;
			children = (
				C16A3BF32AAC7D9600C580D9 /* Services */,
				C16A3B982AA8C8A400C580D9 /* TikTokDigitalWalletFrontEndApp.swift */,
				C16A3BB82AA8D6C600C580D9 /* ViewModels */,
				C16A3BB72AA8D6BD00C580D9 /* Views */,
				C16A3BB62AA8D67300C580D9 /* Models */,
				C16A3BBF2AA9AF1800C580D9 /* DummyData */,
				C16A3B9E2AA8C8A600C580D9 /* Preview Content */,
			);
			path = TikTokDigitalWalletFrontEnd;
			sourceTree = "<group>";
		};
		C16A3B9E2AA8C8A600C580D9 /* Preview Content */ = {
			isa = PBXGroup;
			children = (
				C16A3BE02AAB7D1500C580D9 /* Frameworks */,
				C16A3B9F2AA8C8A600C580D9 /* Preview Assets.xcassets */,
			);
			path = "Preview Content";
			sourceTree = "<group>";
		};
		C16A3BB62AA8D67300C580D9 /* Models */ = {
			isa = PBXGroup;
			children = (
				C16A3BD42AAA3DC900C580D9 /* UserModel.swift */,
			);
			path = Models;
			sourceTree = "<group>";
		};
		C16A3BB72AA8D6BD00C580D9 /* Views */ = {
			isa = PBXGroup;
			children = (
				C16A3BEB2AABB24F00C580D9 /* MainView.swift */,
				C16A3BDA2AAB7A7500C580D9 /* AuthenticationView.swift */,
				C16A3BDE2AAB7B8700C580D9 /* ApplicationTabView.swift */,
				C16A3BC42AA9C0B800C580D9 /* WalletView.swift */,
				C16A3BC82AAA052B00C580D9 /* PaymentsView.swift */,
				C16A3BFE2AB0963800C580D9 /* PaymentAmountInputView.swift */,
				C16A3BEF2AAC48AA00C580D9 /* ProfileSearchView.swift */,
				C16A3BCA2AAA054200C580D9 /* ProfileView.swift */,
			);
			path = Views;
			sourceTree = "<group>";
		};
		C16A3BB82AA8D6C600C580D9 /* ViewModels */ = {
			isa = PBXGroup;
			children = (
				C16A3BE92AABA3C700C580D9 /* AuthService.swift */,
				C16A3BFA2AACB3C300C580D9 /* AuthenticationViewModel.swift */,
				C16A3BC62AA9CBDC00C580D9 /* WalletViewModel.swift */,
				C16A3BD22AAA26E100C580D9 /* PaymentsViewModel.swift */,
				C16A3BED2AAC451900C580D9 /* UsersLookupViewModel.swift */,
				C16A3BF12AAC71B800C580D9 /* CurrencyUITextField.swift */,
			);
			path = ViewModels;
			sourceTree = "<group>";
		};
		C16A3BBF2AA9AF1800C580D9 /* DummyData */ = {
			isa = PBXGroup;
			children = (
				C16A3B9C2AA8C8A600C580D9 /* Assets.xcassets */,
			);
			path = DummyData;
			sourceTree = "<group>";
		};
		C16A3BE02AAB7D1500C580D9 /* Frameworks */ = {
			isa = PBXGroup;
			children = (
			);
			name = Frameworks;
			path = ../..;
			sourceTree = "<group>";
		};
		C16A3BF32AAC7D9600C580D9 /* Services */ = {
			isa = PBXGroup;
			children = (
				C16A3BE72AAB99B900C580D9 /* GoogleService-Info.plist */,
			);
			path = Services;
			sourceTree = "<group>";
		};
/* End PBXGroup section */

/* Begin PBXNativeTarget section */
		C16A3B942AA8C8A400C580D9 /* TikTokDigitalWalletFrontEnd */ = {
			isa = PBXNativeTarget;
			buildConfigurationList = C16A3BA32AA8C8A600C580D9 /* Build configuration list for PBXNativeTarget "TikTokDigitalWalletFrontEnd" */;
			buildPhases = (
				C16A3B912AA8C8A400C580D9 /* Sources */,
				C16A3B922AA8C8A400C580D9 /* Frameworks */,
				C16A3B932AA8C8A400C580D9 /* Resources */,
			);
			buildRules = (
			);
			dependencies = (
			);
			name = TikTokDigitalWalletFrontEnd;
			packageProductDependencies = (
				C16A3BA92AA8D38200C580D9 /* FirebaseAnalytics */,
				C16A3BAB2AA8D38200C580D9 /* FirebaseAnalyticsSwift */,
				C16A3BAD2AA8D38200C580D9 /* FirebaseAuth */,
				C16A3BE12AAB7D1500C580D9 /* FirebaseFirestore */,
				C16A3BE32AAB7D1B00C580D9 /* FirebaseFirestoreSwift */,
			);
			productName = TikTokDigitalWalletFrontEnd;
			productReference = C16A3B952AA8C8A400C580D9 /* TikTokDigitalWalletFrontEnd.app */;
			productType = "com.apple.product-type.application";
		};
/* End PBXNativeTarget section */

/* Begin PBXProject section */
		C16A3B8D2AA8C8A400C580D9 /* Project object */ = {
			isa = PBXProject;
			attributes = {
				BuildIndependentTargetsInParallel = 1;
				LastSwiftUpdateCheck = 1430;
				LastUpgradeCheck = 1430;
				TargetAttributes = {
					C16A3B942AA8C8A400C580D9 = {
						CreatedOnToolsVersion = 14.3.1;
					};
				};
			};
			buildConfigurationList = C16A3B902AA8C8A400C580D9 /* Build configuration list for PBXProject "TikTokDigitalWalletFrontEnd" */;
			compatibilityVersion = "Xcode 14.0";
			developmentRegion = en;
			hasScannedForEncodings = 0;
			knownRegions = (
				en,
				Base,
			);
			mainGroup = C16A3B8C2AA8C8A400C580D9;
			packageReferences = (
				C16A3BA82AA8D38200C580D9 /* XCRemoteSwiftPackageReference "firebase-ios-sdk" */,
			);
			productRefGroup = C16A3B962AA8C8A400C580D9 /* Products */;
			projectDirPath = "";
			projectRoot = "";
			targets = (
				C16A3B942AA8C8A400C580D9 /* TikTokDigitalWalletFrontEnd */,
			);
		};
/* End PBXProject section */

/* Begin PBXResourcesBuildPhase section */
		C16A3B932AA8C8A400C580D9 /* Resources */ = {
			isa = PBXResourcesBuildPhase;
			buildActionMask = 2147483647;
			files = (
				C16A3BA02AA8C8A600C580D9 /* Preview Assets.xcassets in Resources */,
				C16A3B9D2AA8C8A600C580D9 /* Assets.xcassets in Resources */,
				C16A3BE82AAB99B900C580D9 /* GoogleService-Info.plist in Resources */,
			);
			runOnlyForDeploymentPostprocessing = 0;
		};
/* End PBXResourcesBuildPhase section */

/* Begin PBXSourcesBuildPhase section */
		C16A3B912AA8C8A400C580D9 /* Sources */ = {
			isa = PBXSourcesBuildPhase;
			buildActionMask = 2147483647;
			files = (
				C16A3BEC2AABB24F00C580D9 /* MainView.swift in Sources */,
				C16A3BFB2AACB3C300C580D9 /* AuthenticationViewModel.swift in Sources */,
				C16A3BEE2AAC451900C580D9 /* UsersLookupViewModel.swift in Sources */,
				C16A3BDB2AAB7A7500C580D9 /* AuthenticationView.swift in Sources */,
				C16A3BFF2AB0963800C580D9 /* PaymentAmountInputView.swift in Sources */,
				C16A3BEA2AABA3C700C580D9 /* AuthService.swift in Sources */,
				C16A3BC92AAA052B00C580D9 /* PaymentsView.swift in Sources */,
				C16A3BD32AAA26E100C580D9 /* PaymentsViewModel.swift in Sources */,
				C16A3BDF2AAB7B8700C580D9 /* ApplicationTabView.swift in Sources */,
				C16A3BF02AAC48AA00C580D9 /* ProfileSearchView.swift in Sources */,
				C16A3B992AA8C8A400C580D9 /* TikTokDigitalWalletFrontEndApp.swift in Sources */,
				C16A3BC72AA9CBDC00C580D9 /* WalletViewModel.swift in Sources */,
				C16A3BCB2AAA054200C580D9 /* ProfileView.swift in Sources */,
				C16A3BD52AAA3DC900C580D9 /* UserModel.swift in Sources */,
				C16A3BF22AAC71B800C580D9 /* CurrencyUITextField.swift in Sources */,
				C16A3BC52AA9C0B800C580D9 /* WalletView.swift in Sources */,
			);
			runOnlyForDeploymentPostprocessing = 0;
		};
/* End PBXSourcesBuildPhase section */

/* Begin XCBuildConfiguration section */
		C16A3BA12AA8C8A600C580D9 /* Debug */ = {
			isa = XCBuildConfiguration;
			buildSettings = {
				ALWAYS_SEARCH_USER_PATHS = NO;
				CLANG_ANALYZER_NONNULL = YES;
				CLANG_ANALYZER_NUMBER_OBJECT_CONVERSION = YES_AGGRESSIVE;
				CLANG_CXX_LANGUAGE_STANDARD = "gnu++20";
				CLANG_ENABLE_MODULES = YES;
				CLANG_ENABLE_OBJC_ARC = YES;
				CLANG_ENABLE_OBJC_WEAK = YES;
				CLANG_WARN_BLOCK_CAPTURE_AUTORELEASING = YES;
				CLANG_WARN_BOOL_CONVERSION = YES;
				CLANG_WARN_COMMA = YES;
				CLANG_WARN_CONSTANT_CONVERSION = YES;
				CLANG_WARN_DEPRECATED_OBJC_IMPLEMENTATIONS = YES;
				CLANG_WARN_DIRECT_OBJC_ISA_USAGE = YES_ERROR;
				CLANG_WARN_DOCUMENTATION_COMMENTS = YES;
				CLANG_WARN_EMPTY_BODY = YES;
				CLANG_WARN_ENUM_CONVERSION = YES;
				CLANG_WARN_INFINITE_RECURSION = YES;
				CLANG_WARN_INT_CONVERSION = YES;
				CLANG_WARN_NON_LITERAL_NULL_CONVERSION = YES;
				CLANG_WARN_OBJC_IMPLICIT_RETAIN_SELF = YES;
				CLANG_WARN_OBJC_LITERAL_CONVERSION = YES;
				CLANG_WARN_OBJC_ROOT_CLASS = YES_ERROR;
				CLANG_WARN_QUOTED_INCLUDE_IN_FRAMEWORK_HEADER = YES;
				CLANG_WARN_RANGE_LOOP_ANALYSIS = YES;
				CLANG_WARN_STRICT_PROTOTYPES = YES;
				CLANG_WARN_SUSPICIOUS_MOVE = YES;
				CLANG_WARN_UNGUARDED_AVAILABILITY = YES_AGGRESSIVE;
				CLANG_WARN_UNREACHABLE_CODE = YES;
				CLANG_WARN__DUPLICATE_METHOD_MATCH = YES;
				COPY_PHASE_STRIP = NO;
				DEBUG_INFORMATION_FORMAT = dwarf;
				ENABLE_STRICT_OBJC_MSGSEND = YES;
				ENABLE_TESTABILITY = YES;
				GCC_C_LANGUAGE_STANDARD = gnu11;
				GCC_DYNAMIC_NO_PIC = NO;
				GCC_NO_COMMON_BLOCKS = YES;
				GCC_OPTIMIZATION_LEVEL = 0;
				GCC_PREPROCESSOR_DEFINITIONS = (
					"DEBUG=1",
					"$(inherited)",
				);
				GCC_WARN_64_TO_32_BIT_CONVERSION = YES;
				GCC_WARN_ABOUT_RETURN_TYPE = YES_ERROR;
				GCC_WARN_UNDECLARED_SELECTOR = YES;
				GCC_WARN_UNINITIALIZED_AUTOS = YES_AGGRESSIVE;
				GCC_WARN_UNUSED_FUNCTION = YES;
				GCC_WARN_UNUSED_VARIABLE = YES;
				IPHONEOS_DEPLOYMENT_TARGET = 16.4;
				MTL_ENABLE_DEBUG_INFO = INCLUDE_SOURCE;
				MTL_FAST_MATH = YES;
				ONLY_ACTIVE_ARCH = YES;
				SDKROOT = iphoneos;
				SWIFT_ACTIVE_COMPILATION_CONDITIONS = DEBUG;
				SWIFT_OPTIMIZATION_LEVEL = "-Onone";
			};
			name = Debug;
		};
		C16A3BA22AA8C8A600C580D9 /* Release */ = {
			isa = XCBuildConfiguration;
			buildSettings = {
				ALWAYS_SEARCH_USER_PATHS = NO;
				CLANG_ANALYZER_NONNULL = YES;
				CLANG_ANALYZER_NUMBER_OBJECT_CONVERSION = YES_AGGRESSIVE;
				CLANG_CXX_LANGUAGE_STANDARD = "gnu++20";
				CLANG_ENABLE_MODULES = YES;
				CLANG_ENABLE_OBJC_ARC = YES;
				CLANG_ENABLE_OBJC_WEAK = YES;
				CLANG_WARN_BLOCK_CAPTURE_AUTORELEASING = YES;
				CLANG_WARN_BOOL_CONVERSION = YES;
				CLANG_WARN_COMMA = YES;
				CLANG_WARN_CONSTANT_CONVERSION = YES;
				CLANG_WARN_DEPRECATED_OBJC_IMPLEMENTATIONS = YES;
				CLANG_WARN_DIRECT_OBJC_ISA_USAGE = YES_ERROR;
				CLANG_WARN_DOCUMENTATION_COMMENTS = YES;
				CLANG_WARN_EMPTY_BODY = YES;
				CLANG_WARN_ENUM_CONVERSION = YES;
				CLANG_WARN_INFINITE_RECURSION = YES;
				CLANG_WARN_INT_CONVERSION = YES;
				CLANG_WARN_NON_LITERAL_NULL_CONVERSION = YES;
				CLANG_WARN_OBJC_IMPLICIT_RETAIN_SELF = YES;
				CLANG_WARN_OBJC_LITERAL_CONVERSION = YES;
				CLANG_WARN_OBJC_ROOT_CLASS = YES_ERROR;
				CLANG_WARN_QUOTED_INCLUDE_IN_FRAMEWORK_HEADER = YES;
				CLANG_WARN_RANGE_LOOP_ANALYSIS = YES;
				CLANG_WARN_STRICT_PROTOTYPES = YES;
				CLANG_WARN_SUSPICIOUS_MOVE = YES;
				CLANG_WARN_UNGUARDED_AVAILABILITY = YES_AGGRESSIVE;
				CLANG_WARN_UNREACHABLE_CODE = YES;
				CLANG_WARN__DUPLICATE_METHOD_MATCH = YES;
				COPY_PHASE_STRIP = NO;
				DEBUG_INFORMATION_FORMAT = "dwarf-with-dsym";
				ENABLE_NS_ASSERTIONS = NO;
				ENABLE_STRICT_OBJC_MSGSEND = YES;
				GCC_C_LANGUAGE_STANDARD = gnu11;
				GCC_NO_COMMON_BLOCKS = YES;
				GCC_WARN_64_TO_32_BIT_CONVERSION = YES;
				GCC_WARN_ABOUT_RETURN_TYPE = YES_ERROR;
				GCC_WARN_UNDECLARED_SELECTOR = YES;
				GCC_WARN_UNINITIALIZED_AUTOS = YES_AGGRESSIVE;
				GCC_WARN_UNUSED_FUNCTION = YES;
				GCC_WARN_UNUSED_VARIABLE = YES;
				IPHONEOS_DEPLOYMENT_TARGET = 16.4;
				MTL_ENABLE_DEBUG_INFO = NO;
				MTL_FAST_MATH = YES;
				SDKROOT = iphoneos;
				SWIFT_COMPILATION_MODE = wholemodule;
				SWIFT_OPTIMIZATION_LEVEL = "-O";
				VALIDATE_PRODUCT = YES;
			};
			name = Release;
		};
		C16A3BA42AA8C8A600C580D9 /* Debug */ = {
			isa = XCBuildConfiguration;
			buildSettings = {
				ASSETCATALOG_COMPILER_APPICON_NAME = AppIcon;
				ASSETCATALOG_COMPILER_GLOBAL_ACCENT_COLOR_NAME = AccentColor;
				CODE_SIGN_STYLE = Automatic;
				CURRENT_PROJECT_VERSION = 1;
				DEVELOPMENT_ASSET_PATHS = "\"TikTokDigitalWalletFrontEnd/Preview Content\"";
				DEVELOPMENT_TEAM = 55X499LJ25;
				ENABLE_PREVIEWS = YES;
				GENERATE_INFOPLIST_FILE = YES;
				INFOPLIST_KEY_UIApplicationSceneManifest_Generation = YES;
				INFOPLIST_KEY_UIApplicationSupportsIndirectInputEvents = YES;
				INFOPLIST_KEY_UILaunchScreen_Generation = YES;
				INFOPLIST_KEY_UISupportedInterfaceOrientations_iPad = "UIInterfaceOrientationPortrait UIInterfaceOrientationPortraitUpsideDown UIInterfaceOrientationLandscapeLeft UIInterfaceOrientationLandscapeRight";
				INFOPLIST_KEY_UISupportedInterfaceOrientations_iPhone = "UIInterfaceOrientationPortrait UIInterfaceOrientationLandscapeLeft UIInterfaceOrientationLandscapeRight";
				LD_RUNPATH_SEARCH_PATHS = (
					"$(inherited)",
					"@executable_path/Frameworks",
				);
				MARKETING_VERSION = 1.0;
				PRODUCT_BUNDLE_IDENTIFIER = com.marcusong.TikTokDigitalWalletFrontEnd;
				PRODUCT_NAME = "$(TARGET_NAME)";
				SWIFT_EMIT_LOC_STRINGS = YES;
				SWIFT_VERSION = 5.0;
				TARGETED_DEVICE_FAMILY = "1,2";
			};
			name = Debug;
		};
		C16A3BA52AA8C8A600C580D9 /* Release */ = {
			isa = XCBuildConfiguration;
			buildSettings = {
				ASSETCATALOG_COMPILER_APPICON_NAME = AppIcon;
				ASSETCATALOG_COMPILER_GLOBAL_ACCENT_COLOR_NAME = AccentColor;
				CODE_SIGN_STYLE = Automatic;
				CURRENT_PROJECT_VERSION = 1;
				DEVELOPMENT_ASSET_PATHS = "\"TikTokDigitalWalletFrontEnd/Preview Content\"";
				DEVELOPMENT_TEAM = 55X499LJ25;
				ENABLE_PREVIEWS = YES;
				GENERATE_INFOPLIST_FILE = YES;
				INFOPLIST_KEY_UIApplicationSceneManifest_Generation = YES;
				INFOPLIST_KEY_UIApplicationSupportsIndirectInputEvents = YES;
				INFOPLIST_KEY_UILaunchScreen_Generation = YES;
				INFOPLIST_KEY_UISupportedInterfaceOrientations_iPad = "UIInterfaceOrientationPortrait UIInterfaceOrientationPortraitUpsideDown UIInterfaceOrientationLandscapeLeft UIInterfaceOrientationLandscapeRight";
				INFOPLIST_KEY_UISupportedInterfaceOrientations_iPhone = "UIInterfaceOrientationPortrait UIInterfaceOrientationLandscapeLeft UIInterfaceOrientationLandscapeRight";
				LD_RUNPATH_SEARCH_PATHS = (
					"$(inherited)",
					"@executable_path/Frameworks",
				);
				MARKETING_VERSION = 1.0;
				PRODUCT_BUNDLE_IDENTIFIER = com.marcusong.TikTokDigitalWalletFrontEnd;
				PRODUCT_NAME = "$(TARGET_NAME)";
				SWIFT_EMIT_LOC_STRINGS = YES;
				SWIFT_VERSION = 5.0;
				TARGETED_DEVICE_FAMILY = "1,2";
			};
			name = Release;
		};
/* End XCBuildConfiguration section */

/* Begin XCConfigurationList section */
		C16A3B902AA8C8A400C580D9 /* Build configuration list for PBXProject "TikTokDigitalWalletFrontEnd" */ = {
			isa = XCConfigurationList;
			buildConfigurations = (
				C16A3BA12AA8C8A600C580D9 /* Debug */,
				C16A3BA22AA8C8A600C580D9 /* Release */,
			);
			defaultConfigurationIsVisible = 0;
			defaultConfigurationName = Release;
		};
		C16A3BA32AA8C8A600C580D9 /* Build configuration list for PBXNativeTarget "TikTokDigitalWalletFrontEnd" */ = {
			isa = XCConfigurationList;
			buildConfigurations = (
				C16A3BA42AA8C8A600C580D9 /* Debug */,
				C16A3BA52AA8C8A600C580D9 /* Release */,
			);
			defaultConfigurationIsVisible = 0;
			defaultConfigurationName = Release;
		};
/* End XCConfigurationList section */

/* Begin XCRemoteSwiftPackageReference section */
		C16A3BA82AA8D38200C580D9 /* XCRemoteSwiftPackageReference "firebase-ios-sdk" */ = {
			isa = XCRemoteSwiftPackageReference;
			repositoryURL = "https://github.com/firebase/firebase-ios-sdk";
			requirement = {
				kind = upToNextMajorVersion;
				minimumVersion = 10.0.0;
			};
		};
/* End XCRemoteSwiftPackageReference section */

/* Begin XCSwiftPackageProductDependency section */
		C16A3BA92AA8D38200C580D9 /* FirebaseAnalytics */ = {
			isa = XCSwiftPackageProductDependency;
			package = C16A3BA82AA8D38200C580D9 /* XCRemoteSwiftPackageReference "firebase-ios-sdk" */;
			productName = FirebaseAnalytics;
		};
		C16A3BAB2AA8D38200C580D9 /* FirebaseAnalyticsSwift */ = {
			isa = XCSwiftPackageProductDependency;
			package = C16A3BA82AA8D38200C580D9 /* XCRemoteSwiftPackageReference "firebase-ios-sdk" */;
			productName = FirebaseAnalyticsSwift;
		};
		C16A3BAD2AA8D38200C580D9 /* FirebaseAuth */ = {
			isa = XCSwiftPackageProductDependency;
			package = C16A3BA82AA8D38200C580D9 /* XCRemoteSwiftPackageReference "firebase-ios-sdk" */;
			productName = FirebaseAuth;
		};
		C16A3BE12AAB7D1500C580D9 /* FirebaseFirestore */ = {
			isa = XCSwiftPackageProductDependency;
			package = C16A3BA82AA8D38200C580D9 /* XCRemoteSwiftPackageReference "firebase-ios-sdk" */;
			productName = FirebaseFirestore;
		};
		C16A3BE32AAB7D1B00C580D9 /* FirebaseFirestoreSwift */ = {
			isa = XCSwiftPackageProductDependency;
			package = C16A3BA82AA8D38200C580D9 /* XCRemoteSwiftPackageReference "firebase-ios-sdk" */;
			productName = FirebaseFirestoreSwift;
		};
/* End XCSwiftPackageProductDependency section */
	};
	rootObject = C16A3B8D2AA8C8A400C580D9 /* Project object */;
}
